{
  "name": "test-npm",
  "version": "1.0.0",
  "lockfileVersion": 2,
  "requires": true,
  "packages": {
    "": {
      "name": "test-npm",
      "version": "1.0.0",
      "license": "ISC",
      "dependencies": {
        "@lefthands/pkg-a": "^2.0.0"
      }
    },
    "node_modules/@lefthands/pkg-a": {
      "version": "2.0.0",
      "resolved": "https://registry.npmjs.org/@lefthands/pkg-a/-/pkg-a-2.0.0.tgz",
      "integrity": "sha512-6XcwuUl4L9uLHk/VE1n8vc1ZaNlWWlzDN1oyRKVrTJj7yMVSagpRNPWaFgjY4ZD/h4i2nKwUpVtYyL/dQIW5eg==",
      "dependencies": {
        "@lefthands/pkg-b": "^1.0.0",
        "@lefthands/pkg-c": "^3.0.0"
      }
    },
    "node_modules/@lefthands/pkg-b": {
      "version": "1.0.1",
      "resolved": "https://registry.npmjs.org/@lefthands/pkg-b/-/pkg-b-1.0.1.tgz",
      "integrity": "sha512-Ht9oLcDdKtNLhl6MOoalI8901h3n4s8SjoZDahiF9gfGn26pN7tI9QLAZePW7sTPxYc+ty2p0g8jpqmSCsbmNQ==",
      "dependencies": {
        "@lefthands/pkg-c": "^2.0.0"
      }
    },
    "node_modules/@lefthands/pkg-b/node_modules/@lefthands/pkg-a": {
      "version": "1.0.1",
      "resolved": "https://registry.npmjs.org/@lefthands/pkg-a/-/pkg-a-1.0.1.tgz",
      "integrity": "sha512-FIpLK5XdAzFcQCCyxbQaVFPGnjfoaqU+yo5FvuFsNl3vpMJuliIhlwM0YVooZlEQE81FDlXSde34iUZtNgvR1Q==",
      "dependencies": {
        "@lefthands/pkg-b": "^1.0.0",
        "@lefthands/pkg-c": "^3.0.0"
      }
    },
    "node_modules/@lefthands/pkg-b/node_modules/@lefthands/pkg-a/node_modules/@lefthands/pkg-c": {
      "version": "3.0.0",
      "resolved": "https://registry.npmjs.org/@lefthands/pkg-c/-/pkg-c-3.0.0.tgz",
      "integrity": "sha512-8gUCtme6a2lJhOH5NVQpgEyuoqd5j+DvcsM2Y6ZsxFqrvHs9JsaMC5uUgjl7fWYn++rknJkwuzzDCAd3pIeBKg==",
      "dependencies": {
        "@lefthands/pkg-a": "^1.0.0"
      }
    },
    "node_modules/@lefthands/pkg-b/node_modules/@lefthands/pkg-c": {
      "version": "2.0.0",
      "resolved": "https://registry.npmjs.org/@lefthands/pkg-c/-/pkg-c-2.0.0.tgz",
      "integrity": "sha512-OZYojJbUEAhZuoXb91v2Utk8FOhNMGQh0b0bRrjANjJPz10jKpbTc42GrUQoPilCoxH8sM6nofXpRCwdAZcmyA==",
      "dependencies": {
        "@lefthands/pkg-a": "^1.0.0"
      }
    },
    "node_modules/@lefthands/pkg-c": {
      "version": "3.0.0",
      "resolved": "https://registry.npmjs.org/@lefthands/pkg-c/-/pkg-c-3.0.0.tgz",
      "integrity": "sha512-8gUCtme6a2lJhOH5NVQpgEyuoqd5j+DvcsM2Y6ZsxFqrvHs9JsaMC5uUgjl7fWYn++rknJkwuzzDCAd3pIeBKg==",
      "dependencies": {
        "@lefthands/pkg-a": "^1.0.0"
      }
    },
    "node_modules/@lefthands/pkg-c/node_modules/@lefthands/pkg-a": {
      "version": "1.0.1",
      "resolved": "https://registry.npmjs.org/@lefthands/pkg-a/-/pkg-a-1.0.1.tgz",
      "integrity": "sha512-FIpLK5XdAzFcQCCyxbQaVFPGnjfoaqU+yo5FvuFsNl3vpMJuliIhlwM0YVooZlEQE81FDlXSde34iUZtNgvR1Q==",
      "dependencies": {
        "@lefthands/pkg-b": "^1.0.0",
        "@lefthands/pkg-c": "^3.0.0"
      }
    }
  },
  "dependencies": {
    "@lefthands/pkg-a": {
      "version": "2.0.0",
      "resolved": "https://registry.npmjs.org/@lefthands/pkg-a/-/pkg-a-2.0.0.tgz",
      "integrity": "sha512-6XcwuUl4L9uLHk/VE1n8vc1ZaNlWWlzDN1oyRKVrTJj7yMVSagpRNPWaFgjY4ZD/h4i2nKwUpVtYyL/dQIW5eg==",
      "requires": {
        "@lefthands/pkg-b": "^1.0.0",
        "@lefthands/pkg-c": "^3.0.0"
      }
    },
    "@lefthands/pkg-b": {
      "version": "1.0.1",
      "resolved": "https://registry.npmjs.org/@lefthands/pkg-b/-/pkg-b-1.0.1.tgz",
      "integrity": "sha512-Ht9oLcDdKtNLhl6MOoalI8901h3n4s8SjoZDahiF9gfGn26pN7tI9QLAZePW7sTPxYc+ty2p0g8jpqmSCsbmNQ==",
      "requires": {
        "@lefthands/pkg-c": "^2.0.0"
      },
      "dependencies": {
        "@lefthands/pkg-a": {
          "version": "1.0.1",
          "resolved": "https://registry.npmjs.org/@lefthands/pkg-a/-/pkg-a-1.0.1.tgz",
          "integrity": "sha512-FIpLK5XdAzFcQCCyxbQaVFPGnjfoaqU+yo5FvuFsNl3vpMJuliIhlwM0YVooZlEQE81FDlXSde34iUZtNgvR1Q==",
          "requires": {
            "@lefthands/pkg-b": "^1.0.0",
            "@lefthands/pkg-c": "^3.0.0"
          },
          "dependencies": {
            "@lefthands/pkg-c": {
              "version": "3.0.0",
              "resolved": "https://registry.npmjs.org/@lefthands/pkg-c/-/pkg-c-3.0.0.tgz",
              "integrity": "sha512-8gUCtme6a2lJhOH5NVQpgEyuoqd5j+DvcsM2Y6ZsxFqrvHs9JsaMC5uUgjl7fWYn++rknJkwuzzDCAd3pIeBKg==",
              "requires": {
                "@lefthands/pkg-a": "^1.0.0"
              }
            }
          }
        },
        "@lefthands/pkg-c": {
          "version": "2.0.0",
          "resolved": "https://registry.npmjs.org/@lefthands/pkg-c/-/pkg-c-2.0.0.tgz",
          "integrity": "sha512-OZYojJbUEAhZuoXb91v2Utk8FOhNMGQh0b0bRrjANjJPz10jKpbTc42GrUQoPilCoxH8sM6nofXpRCwdAZcmyA==",
          "requires": {
            "@lefthands/pkg-a": "^1.0.0"
          }
        }
      }
    },
    "@lefthands/pkg-c": {
      "version": "3.0.0",
      "resolved": "https://registry.npmjs.org/@lefthands/pkg-c/-/pkg-c-3.0.0.tgz",
      "integrity": "sha512-8gUCtme6a2lJhOH5NVQpgEyuoqd5j+DvcsM2Y6ZsxFqrvHs9JsaMC5uUgjl7fWYn++rknJkwuzzDCAd3pIeBKg==",
      "requires": {
        "@lefthands/pkg-a": "^1.0.0"
      },
      "dependencies": {
        "@lefthands/pkg-a": {
          "version": "1.0.1",
          "resolved": "https://registry.npmjs.org/@lefthands/pkg-a/-/pkg-a-1.0.1.tgz",
          "integrity": "sha512-FIpLK5XdAzFcQCCyxbQaVFPGnjfoaqU+yo5FvuFsNl3vpMJuliIhlwM0YVooZlEQE81FDlXSde34iUZtNgvR1Q==",
          "requires": {
            "@lefthands/pkg-b": "^1.0.0",
            "@lefthands/pkg-c": "^3.0.0"
          }
        }
      }
    }
  }
}
